
Microsoft Visual Studio Solution File, Format Version 12.00
# Visual Studio 15
VisualStudioVersion = 15.0.27428.2037
MinimumVisualStudioVersion = 10.0.40219.1
Project("{FAE04EC0-301F-11D3-BF4B-00C04F79EFBC}") = "Z0POC", "bcapp\Z0POC.csproj", "{67CEB4E2-77F7-45CA-AEBD-75E3EBE85867}"
EndProject
Project("{FAE04EC0-301F-11D3-BF4B-00C04F79EFBC}") = "Z1POC", "Z1POC\Z1POC.csproj", "{5C7F2818-9303-4661-A27D-55A0E5DB1208}"
EndProject
Global
	GlobalSection(SolutionConfigurationPlatforms) = preSolution
		Debug|Any CPU = Debug|Any CPU
		Release|Any CPU = Release|Any CPU
	EndGlobalSection
	GlobalSection(ProjectConfigurationPlatforms) = postSolution
		{67CEB4E2-77F7-45CA-AEBD-75E3EBE85867}.Debug|Any CPU.ActiveCfg = Debug|Any CPU
		{67CEB4E2-77F7-45CA-AEBD-75E3EBE85867}.Debug|Any CPU.Build.0 = Debug|Any CPU
		{67CEB4E2-77F7-45CA-AEBD-75E3EBE85867}.Debug|Any CPU.Deploy.0 = Debug|Any CPU
		{67CEB4E2-77F7-45CA-AEBD-75E3EBE85867}.Release|Any CPU.ActiveCfg = Release|Any CPU
		{67CEB4E2-77F7-45CA-AEBD-75E3EBE85867}.Release|Any CPU.Build.0 = Release|Any CPU
		{67CEB4E2-77F7-45CA-AEBD-75E3EBE85867}.Release|Any CPU.Deploy.0 = Release|Any CPU
		{5C7F2818-9303-4661-A27D-55A0E5DB1208}.Debug|Any CPU.ActiveCfg = Debug|Any CPU
		{5C7F2818-9303-4661-A27D-55A0E5DB1208}.Debug|Any CPU.Build.0 = Debug|Any CPU
		{5C7F2818-9303-4661-A27D-55A0E5DB1208}.Debug|Any CPU.Deploy.0 = Debug|Any CPU
		{5C7F2818-9303-4661-A27D-55A0E5DB1208}.Release|Any CPU.ActiveCfg = Release|Any CPU
		{5C7F2818-9303-4661-A27D-55A0E5DB1208}.Release|Any CPU.Build.0 = Release|Any CPU
		{5C7F2818-9303-4661-A27D-55A0E5DB1208}.Release|Any CPU.Deploy.0 = Release|Any CPU
	EndGlobalSection
	GlobalSection(SolutionProperties) = preSolution
		HideSolutionNode = FALSE
	EndGlobalSection
	GlobalSection(ExtensibilityGlobals) = postSolution
		SolutionGuid = {64F860BB-6733-427C-B5D6-AD9A04799C88}
	EndGlobalSection
EndGlobal
